Microsoft Visual Studio Solution File, Format Version 12.00
# Visual Studio 15
VisualStudioVersion = 15.0.27130.2024
MinimumVisualStudioVersion = 15.0.26124.0
Project("{9A19103F-16F7-4668-BE54-9A1E7A4F7556}") = "Convert4", "src\Convert4\Convert4.csproj", "{CAD184E4-32F3-4AAE-9B5D-61FD4CFE6ECA}"
EndProject
Project("{FAE04EC0-301F-11D3-BF4B-00C04F79EFBC}") = "NUnit.Tests1", "test\NUnit.Tests1\NUnit.Tests1.csproj", "{8EDF4429-251A-416D-BB68-93F227191BCF}"
	ProjectSection(ProjectDependencies) = postProject
		{CAD184E4-32F3-4AAE-9B5D-61FD4CFE6ECA} = {CAD184E4-32F3-4AAE-9B5D-61FD4CFE6ECA}
	EndProjectSection
EndProject
Project("{FAE04EC0-301F-11D3-BF4B-00C04F79EFBC}") = "ConsoleApp1", "test\ConsoleApp1\ConsoleApp1.csproj", "{36997793-BC60-473D-B0CE-52D1A916AC22}"
EndProject
Global
	GlobalSection(SolutionConfigurationPlatforms) = preSolution
		Debug|Any CPU = Debug|Any CPU
		Debug|x64 = Debug|x64
		Debug|x86 = Debug|x86
		Release|Any CPU = Release|Any CPU
		Release|x64 = Release|x64
		Release|x86 = Release|x86
	EndGlobalSection
	GlobalSection(ProjectConfigurationPlatforms) = postSolution
		{CAD184E4-32F3-4AAE-9B5D-61FD4CFE6ECA}.Debug|Any CPU.ActiveCfg = Debug|Any CPU
		{CAD184E4-32F3-4AAE-9B5D-61FD4CFE6ECA}.Debug|Any CPU.Build.0 = Debug|Any CPU
		{CAD184E4-32F3-4AAE-9B5D-61FD4CFE6ECA}.Debug|x64.ActiveCfg = Debug|Any CPU
		{CAD184E4-32F3-4AAE-9B5D-61FD4CFE6ECA}.Debug|x64.Build.0 = Debug|Any CPU
		{CAD184E4-32F3-4AAE-9B5D-61FD4CFE6ECA}.Debug|x86.ActiveCfg = Debug|Any CPU
		{CAD184E4-32F3-4AAE-9B5D-61FD4CFE6ECA}.Debug|x86.Build.0 = Debug|Any CPU
		{CAD184E4-32F3-4AAE-9B5D-61FD4CFE6ECA}.Release|Any CPU.ActiveCfg = Release|Any CPU
		{CAD184E4-32F3-4AAE-9B5D-61FD4CFE6ECA}.Release|Any CPU.Build.0 = Release|Any CPU
		{CAD184E4-32F3-4AAE-9B5D-61FD4CFE6ECA}.Release|x64.ActiveCfg = Release|Any CPU
		{CAD184E4-32F3-4AAE-9B5D-61FD4CFE6ECA}.Release|x64.Build.0 = Release|Any CPU
		{CAD184E4-32F3-4AAE-9B5D-61FD4CFE6ECA}.Release|x86.ActiveCfg = Release|Any CPU
		{CAD184E4-32F3-4AAE-9B5D-61FD4CFE6ECA}.Release|x86.Build.0 = Release|Any CPU
		{8EDF4429-251A-416D-BB68-93F227191BCF}.Debug|Any CPU.ActiveCfg = Debug|Any CPU
		{8EDF4429-251A-416D-BB68-93F227191BCF}.Debug|Any CPU.Build.0 = Debug|Any CPU
		{8EDF4429-251A-416D-BB68-93F227191BCF}.Debug|x64.ActiveCfg = Debug|Any CPU
		{8EDF4429-251A-416D-BB68-93F227191BCF}.Debug|x64.Build.0 = Debug|Any CPU
		{8EDF4429-251A-416D-BB68-93F227191BCF}.Debug|x86.ActiveCfg = Debug|Any CPU
		{8EDF4429-251A-416D-BB68-93F227191BCF}.Debug|x86.Build.0 = Debug|Any CPU
		{8EDF4429-251A-416D-BB68-93F227191BCF}.Release|Any CPU.ActiveCfg = Release|Any CPU
		{8EDF4429-251A-416D-BB68-93F227191BCF}.Release|Any CPU.Build.0 = Release|Any CPU
		{8EDF4429-251A-416D-BB68-93F227191BCF}.Release|x64.ActiveCfg = Release|Any CPU
		{8EDF4429-251A-416D-BB68-93F227191BCF}.Release|x64.Build.0 = Release|Any CPU
		{8EDF4429-251A-416D-BB68-93F227191BCF}.Release|x86.ActiveCfg = Release|Any CPU
		{8EDF4429-251A-416D-BB68-93F227191BCF}.Release|x86.Build.0 = Release|Any CPU
		{36997793-BC60-473D-B0CE-52D1A916AC22}.Debug|Any CPU.ActiveCfg = Debug|Any CPU
		{36997793-BC60-473D-B0CE-52D1A916AC22}.Debug|Any CPU.Build.0 = Debug|Any CPU
		{36997793-BC60-473D-B0CE-52D1A916AC22}.Debug|x64.ActiveCfg = Debug|Any CPU
		{36997793-BC60-473D-B0CE-52D1A916AC22}.Debug|x64.Build.0 = Debug|Any CPU
		{36997793-BC60-473D-B0CE-52D1A916AC22}.Debug|x86.ActiveCfg = Debug|Any CPU
		{36997793-BC60-473D-B0CE-52D1A916AC22}.Debug|x86.Build.0 = Debug|Any CPU
		{36997793-BC60-473D-B0CE-52D1A916AC22}.Release|Any CPU.ActiveCfg = Release|Any CPU
		{36997793-BC60-473D-B0CE-52D1A916AC22}.Release|Any CPU.Build.0 = Release|Any CPU
		{36997793-BC60-473D-B0CE-52D1A916AC22}.Release|x64.ActiveCfg = Release|Any CPU
		{36997793-BC60-473D-B0CE-52D1A916AC22}.Release|x64.Build.0 = Release|Any CPU
		{36997793-BC60-473D-B0CE-52D1A916AC22}.Release|x86.ActiveCfg = Release|Any CPU
		{36997793-BC60-473D-B0CE-52D1A916AC22}.Release|x86.Build.0 = Release|Any CPU
	EndGlobalSection
	GlobalSection(SolutionProperties) = preSolution
		HideSolutionNode = FALSE
	EndGlobalSection
	GlobalSection(ExtensibilityGlobals) = postSolution
		SolutionGuid = {6CF9B6DB-11E8-4D84-B8FC-6F0B119FD34B}
	EndGlobalSection
EndGlobal
