
Microsoft Visual Studio Solution File, Format Version 12.00
# Visual Studio 15
VisualStudioVersion = 15.0.26124.0
MinimumVisualStudioVersion = 15.0.26124.0
Project("{2150E333-8FDC-42A3-9474-1A3956D46DE8}") = "src", "src", "{8E4F2901-365E-42B8-AAB9-E89B0024D90B}"
EndProject
Project("{FAE04EC0-301F-11D3-BF4B-00C04F79EFBC}") = "Convert4", "src\Convert4\Convert4.csproj", "{CAD184E4-32F3-4AAE-9B5D-61FD4CFE6ECA}"
EndProject
Project("{FAE04EC0-301F-11D3-BF4B-00C04F79EFBC}") = "demo", "test\demo.csproj", "{DB035CA3-C4B6-4293-95CF-42B750238677}"
EndProject
Global
	GlobalSection(SolutionConfigurationPlatforms) = preSolution
		Debug|Any CPU = Debug|Any CPU
		Debug|x64 = Debug|x64
		Debug|x86 = Debug|x86
		Release|Any CPU = Release|Any CPU
		Release|x64 = Release|x64
		Release|x86 = Release|x86
	EndGlobalSection
	GlobalSection(SolutionProperties) = preSolution
		HideSolutionNode = FALSE
	EndGlobalSection
	GlobalSection(ProjectConfigurationPlatforms) = postSolution
		{CAD184E4-32F3-4AAE-9B5D-61FD4CFE6ECA}.Debug|Any CPU.ActiveCfg = Debug|Any CPU
		{CAD184E4-32F3-4AAE-9B5D-61FD4CFE6ECA}.Debug|Any CPU.Build.0 = Debug|Any CPU
		{CAD184E4-32F3-4AAE-9B5D-61FD4CFE6ECA}.Debug|x64.ActiveCfg = Debug|x64
		{CAD184E4-32F3-4AAE-9B5D-61FD4CFE6ECA}.Debug|x64.Build.0 = Debug|x64
		{CAD184E4-32F3-4AAE-9B5D-61FD4CFE6ECA}.Debug|x86.ActiveCfg = Debug|x86
		{CAD184E4-32F3-4AAE-9B5D-61FD4CFE6ECA}.Debug|x86.Build.0 = Debug|x86
		{CAD184E4-32F3-4AAE-9B5D-61FD4CFE6ECA}.Release|Any CPU.ActiveCfg = Release|Any CPU
		{CAD184E4-32F3-4AAE-9B5D-61FD4CFE6ECA}.Release|Any CPU.Build.0 = Release|Any CPU
		{CAD184E4-32F3-4AAE-9B5D-61FD4CFE6ECA}.Release|x64.ActiveCfg = Release|x64
		{CAD184E4-32F3-4AAE-9B5D-61FD4CFE6ECA}.Release|x64.Build.0 = Release|x64
		{CAD184E4-32F3-4AAE-9B5D-61FD4CFE6ECA}.Release|x86.ActiveCfg = Release|x86
		{CAD184E4-32F3-4AAE-9B5D-61FD4CFE6ECA}.Release|x86.Build.0 = Release|x86
		{DB035CA3-C4B6-4293-95CF-42B750238677}.Debug|Any CPU.ActiveCfg = Debug|Any CPU
		{DB035CA3-C4B6-4293-95CF-42B750238677}.Debug|Any CPU.Build.0 = Debug|Any CPU
		{DB035CA3-C4B6-4293-95CF-42B750238677}.Debug|x64.ActiveCfg = Debug|x64
		{DB035CA3-C4B6-4293-95CF-42B750238677}.Debug|x64.Build.0 = Debug|x64
		{DB035CA3-C4B6-4293-95CF-42B750238677}.Debug|x86.ActiveCfg = Debug|x86
		{DB035CA3-C4B6-4293-95CF-42B750238677}.Debug|x86.Build.0 = Debug|x86
		{DB035CA3-C4B6-4293-95CF-42B750238677}.Release|Any CPU.ActiveCfg = Release|Any CPU
		{DB035CA3-C4B6-4293-95CF-42B750238677}.Release|Any CPU.Build.0 = Release|Any CPU
		{DB035CA3-C4B6-4293-95CF-42B750238677}.Release|x64.ActiveCfg = Release|x64
		{DB035CA3-C4B6-4293-95CF-42B750238677}.Release|x64.Build.0 = Release|x64
		{DB035CA3-C4B6-4293-95CF-42B750238677}.Release|x86.ActiveCfg = Release|x86
		{DB035CA3-C4B6-4293-95CF-42B750238677}.Release|x86.Build.0 = Release|x86
	EndGlobalSection
	GlobalSection(NestedProjects) = preSolution
		{CAD184E4-32F3-4AAE-9B5D-61FD4CFE6ECA} = {8E4F2901-365E-42B8-AAB9-E89B0024D90B}
	EndGlobalSection
EndGlobal
